
Microsoft Visual Studio Solution File, Format Version 12.00
# Visual Studio Version 17
VisualStudioVersion = 17.12.35521.163
MinimumVisualStudioVersion = 10.0.40219.1
Project("{FAE04EC0-301F-11D3-BF4B-00C04F79EFBC}") = "SportRadar.CodingExercise.Runner", "SportRadar.CodingExercise.Runner.csproj", "{EFE17ED6-8B1A-4AD4-BFEC-A2C5C09774A1}"
EndProject
Project("{FAE04EC0-301F-11D3-BF4B-00C04F79EFBC}") = "SportRadar.CodingExercise.Lib", "..\SportRadar.CodingExercise.Lib\SportRadar.CodingExercise.Lib.csproj", "{C2111988-9E1B-480A-AC82-39ACAA1ECFF0}"
EndProject
Project("{FAE04EC0-301F-11D3-BF4B-00C04F79EFBC}") = "SportRadar.CodingExercise.Lib.Tests", "..\SportRadar.CodingExercise.Lib.Tests\SportRadar.CodingExercise.Lib.Tests.csproj", "{FB62375F-6187-4296-A778-712062BF0ABC}"
EndProject
Project("{2150E333-8FDC-42A3-9474-1A3956D46DE8}") = "ProjectData", "ProjectData", "{BAD86FD4-F6E5-4821-A0CE-78136B5974EE}"
	ProjectSection(SolutionItems) = preProject
		..\Coding Exercise v1.11.pdf = ..\Coding Exercise v1.11.pdf
		..\README.md = ..\README.md
	EndProjectSection
EndProject
Global
	GlobalSection(SolutionConfigurationPlatforms) = preSolution
		Debug|Any CPU = Debug|Any CPU
		Release|Any CPU = Release|Any CPU
	EndGlobalSection
	GlobalSection(ProjectConfigurationPlatforms) = postSolution
		{EFE17ED6-8B1A-4AD4-BFEC-A2C5C09774A1}.Debug|Any CPU.ActiveCfg = Debug|Any CPU
		{EFE17ED6-8B1A-4AD4-BFEC-A2C5C09774A1}.Debug|Any CPU.Build.0 = Debug|Any CPU
		{EFE17ED6-8B1A-4AD4-BFEC-A2C5C09774A1}.Release|Any CPU.ActiveCfg = Release|Any CPU
		{EFE17ED6-8B1A-4AD4-BFEC-A2C5C09774A1}.Release|Any CPU.Build.0 = Release|Any CPU
		{C2111988-9E1B-480A-AC82-39ACAA1ECFF0}.Debug|Any CPU.ActiveCfg = Debug|Any CPU
		{C2111988-9E1B-480A-AC82-39ACAA1ECFF0}.Debug|Any CPU.Build.0 = Debug|Any CPU
		{C2111988-9E1B-480A-AC82-39ACAA1ECFF0}.Release|Any CPU.ActiveCfg = Release|Any CPU
		{C2111988-9E1B-480A-AC82-39ACAA1ECFF0}.Release|Any CPU.Build.0 = Release|Any CPU
		{FB62375F-6187-4296-A778-712062BF0ABC}.Debug|Any CPU.ActiveCfg = Debug|Any CPU
		{FB62375F-6187-4296-A778-712062BF0ABC}.Debug|Any CPU.Build.0 = Debug|Any CPU
		{FB62375F-6187-4296-A778-712062BF0ABC}.Release|Any CPU.ActiveCfg = Release|Any CPU
		{FB62375F-6187-4296-A778-712062BF0ABC}.Release|Any CPU.Build.0 = Release|Any CPU
	EndGlobalSection
	GlobalSection(SolutionProperties) = preSolution
		HideSolutionNode = FALSE
	EndGlobalSection
EndGlobal
